Microsoft Visual Studio Solution File, Format Version 12.00
# Visual Studio 14
VisualStudioVersion = 14.0.25420.1
MinimumVisualStudioVersion = 10.0.40219.1
Project("{2150E333-8FDC-42A3-9474-1A3956D46DE8}") = "Utility", "Utility", "{BE5BAE86-5F15-4E6E-8F63-95D413FE5C58}"
EndProject
Project("{FAE04EC0-301F-11D3-BF4B-00C04F79EFBC}") = "EDB", "EM.DB\EDB.csproj", "{C565080C-8D58-4724-8C59-D4AA2CC46384}"
EndProject
Project("{FAE04EC0-301F-11D3-BF4B-00C04F79EFBC}") = "EMInterfaces", "EM.Interfaces\EMInterfaces.csproj", "{97D32A69-F4BC-40C3-8419-086138209033}"
EndProject
Project("{FAE04EC0-301F-11D3-BF4B-00C04F79EFBC}") = "EUtil", "EM.Util\EUtil.csproj", "{08860B92-BACA-48F4-B6E2-426ABC6807F9}"
EndProject
Project("{FAE04EC0-301F-11D3-BF4B-00C04F79EFBC}") = "ORM", "ORM\ORM.csproj", "{D28BB134-E0CD-4A64-B133-2CD4B4CAC4D6}"
EndProject
Project("{FAE04EC0-301F-11D3-BF4B-00C04F79EFBC}") = "EM.Api.Core", "EM.Api.Core\EM.Api.Core.csproj", "{634BEC19-7EFB-4DF3-AF52-7E170B124E1F}"
EndProject
Project("{FAE04EC0-301F-11D3-BF4B-00C04F79EFBC}") = "EM.Api.Authorization", "EM.Api.Authorization\EM.Api.Authorization.csproj", "{90C4E146-E3BB-4859-9B61-70D67E80958A}"
EndProject
Global
	GlobalSection(SolutionConfigurationPlatforms) = preSolution
		CodeAnalysis|.NET = CodeAnalysis|.NET
		CodeAnalysis|Any CPU = CodeAnalysis|Any CPU
		CodeAnalysis|Mixed Platforms = CodeAnalysis|Mixed Platforms
		CodeAnalysis|x86 = CodeAnalysis|x86
		Debug|.NET = Debug|.NET
		Debug|Any CPU = Debug|Any CPU
		Debug|Mixed Platforms = Debug|Mixed Platforms
		Debug|x86 = Debug|x86
		Development|.NET = Development|.NET
		Development|Any CPU = Development|Any CPU
		Development|Mixed Platforms = Development|Mixed Platforms
		Development|x86 = Development|x86
		Production|.NET = Production|.NET
		Production|Any CPU = Production|Any CPU
		Production|Mixed Platforms = Production|Mixed Platforms
		Production|x86 = Production|x86
		Release|.NET = Release|.NET
		Release|Any CPU = Release|Any CPU
		Release|Mixed Platforms = Release|Mixed Platforms
		Release|x86 = Release|x86
		Staging|.NET = Staging|.NET
		Staging|Any CPU = Staging|Any CPU
		Staging|Mixed Platforms = Staging|Mixed Platforms
		Staging|x86 = Staging|x86
		Test|.NET = Test|.NET
		Test|Any CPU = Test|Any CPU
		Test|Mixed Platforms = Test|Mixed Platforms
		Test|x86 = Test|x86
	EndGlobalSection
	GlobalSection(ProjectConfigurationPlatforms) = postSolution
		{C565080C-8D58-4724-8C59-D4AA2CC46384}.CodeAnalysis|.NET.ActiveCfg = Production|Any CPU
		{C565080C-8D58-4724-8C59-D4AA2CC46384}.CodeAnalysis|Any CPU.ActiveCfg = Production|Any CPU
		{C565080C-8D58-4724-8C59-D4AA2CC46384}.CodeAnalysis|Any CPU.Build.0 = Production|Any CPU
		{C565080C-8D58-4724-8C59-D4AA2CC46384}.CodeAnalysis|Mixed Platforms.ActiveCfg = Production|Any CPU
		{C565080C-8D58-4724-8C59-D4AA2CC46384}.CodeAnalysis|Mixed Platforms.Build.0 = Production|Any CPU
		{C565080C-8D58-4724-8C59-D4AA2CC46384}.CodeAnalysis|x86.ActiveCfg = Test|Any CPU
		{C565080C-8D58-4724-8C59-D4AA2CC46384}.Debug|.NET.ActiveCfg = Debug|Any CPU
		{C565080C-8D58-4724-8C59-D4AA2CC46384}.Debug|Any CPU.ActiveCfg = Debug|Any CPU
		{C565080C-8D58-4724-8C59-D4AA2CC46384}.Debug|Any CPU.Build.0 = Debug|Any CPU
		{C565080C-8D58-4724-8C59-D4AA2CC46384}.Debug|Mixed Platforms.ActiveCfg = Debug|Any CPU
		{C565080C-8D58-4724-8C59-D4AA2CC46384}.Debug|Mixed Platforms.Build.0 = Debug|Any CPU
		{C565080C-8D58-4724-8C59-D4AA2CC46384}.Debug|x86.ActiveCfg = Debug|Any CPU
		{C565080C-8D58-4724-8C59-D4AA2CC46384}.Development|.NET.ActiveCfg = Development|Any CPU
		{C565080C-8D58-4724-8C59-D4AA2CC46384}.Development|Any CPU.ActiveCfg = Development|Any CPU
		{C565080C-8D58-4724-8C59-D4AA2CC46384}.Development|Any CPU.Build.0 = Development|Any CPU
		{C565080C-8D58-4724-8C59-D4AA2CC46384}.Development|Mixed Platforms.ActiveCfg = Development|Any CPU
		{C565080C-8D58-4724-8C59-D4AA2CC46384}.Development|Mixed Platforms.Build.0 = Development|Any CPU
		{C565080C-8D58-4724-8C59-D4AA2CC46384}.Development|x86.ActiveCfg = Development|Any CPU
		{C565080C-8D58-4724-8C59-D4AA2CC46384}.Production|.NET.ActiveCfg = Production|Any CPU
		{C565080C-8D58-4724-8C59-D4AA2CC46384}.Production|Any CPU.ActiveCfg = Production|Any CPU
		{C565080C-8D58-4724-8C59-D4AA2CC46384}.Production|Any CPU.Build.0 = Production|Any CPU
		{C565080C-8D58-4724-8C59-D4AA2CC46384}.Production|Mixed Platforms.ActiveCfg = Production|Any CPU
		{C565080C-8D58-4724-8C59-D4AA2CC46384}.Production|Mixed Platforms.Build.0 = Production|Any CPU
		{C565080C-8D58-4724-8C59-D4AA2CC46384}.Production|x86.ActiveCfg = Production|Any CPU
		{C565080C-8D58-4724-8C59-D4AA2CC46384}.Release|.NET.ActiveCfg = Release|Any CPU
		{C565080C-8D58-4724-8C59-D4AA2CC46384}.Release|Any CPU.ActiveCfg = Release|Any CPU
		{C565080C-8D58-4724-8C59-D4AA2CC46384}.Release|Any CPU.Build.0 = Release|Any CPU
		{C565080C-8D58-4724-8C59-D4AA2CC46384}.Release|Mixed Platforms.ActiveCfg = Release|Any CPU
		{C565080C-8D58-4724-8C59-D4AA2CC46384}.Release|Mixed Platforms.Build.0 = Release|Any CPU
		{C565080C-8D58-4724-8C59-D4AA2CC46384}.Release|x86.ActiveCfg = Release|Any CPU
		{C565080C-8D58-4724-8C59-D4AA2CC46384}.Staging|.NET.ActiveCfg = Staging|Any CPU
		{C565080C-8D58-4724-8C59-D4AA2CC46384}.Staging|Any CPU.ActiveCfg = Staging|Any CPU
		{C565080C-8D58-4724-8C59-D4AA2CC46384}.Staging|Any CPU.Build.0 = Staging|Any CPU
		{C565080C-8D58-4724-8C59-D4AA2CC46384}.Staging|Mixed Platforms.ActiveCfg = Staging|Any CPU
		{C565080C-8D58-4724-8C59-D4AA2CC46384}.Staging|Mixed Platforms.Build.0 = Staging|Any CPU
		{C565080C-8D58-4724-8C59-D4AA2CC46384}.Staging|x86.ActiveCfg = Staging|Any CPU
		{C565080C-8D58-4724-8C59-D4AA2CC46384}.Test|.NET.ActiveCfg = Test|Any CPU
		{C565080C-8D58-4724-8C59-D4AA2CC46384}.Test|Any CPU.ActiveCfg = Test|Any CPU
		{C565080C-8D58-4724-8C59-D4AA2CC46384}.Test|Any CPU.Build.0 = Test|Any CPU
		{C565080C-8D58-4724-8C59-D4AA2CC46384}.Test|Mixed Platforms.ActiveCfg = Test|Any CPU
		{C565080C-8D58-4724-8C59-D4AA2CC46384}.Test|Mixed Platforms.Build.0 = Test|Any CPU
		{C565080C-8D58-4724-8C59-D4AA2CC46384}.Test|x86.ActiveCfg = Test|Any CPU
		{97D32A69-F4BC-40C3-8419-086138209033}.CodeAnalysis|.NET.ActiveCfg = Production|Any CPU
		{97D32A69-F4BC-40C3-8419-086138209033}.CodeAnalysis|Any CPU.ActiveCfg = Production|Any CPU
		{97D32A69-F4BC-40C3-8419-086138209033}.CodeAnalysis|Any CPU.Build.0 = Production|Any CPU
		{97D32A69-F4BC-40C3-8419-086138209033}.CodeAnalysis|Mixed Platforms.ActiveCfg = Production|Any CPU
		{97D32A69-F4BC-40C3-8419-086138209033}.CodeAnalysis|Mixed Platforms.Build.0 = Production|Any CPU
		{97D32A69-F4BC-40C3-8419-086138209033}.CodeAnalysis|x86.ActiveCfg = Test|Any CPU
		{97D32A69-F4BC-40C3-8419-086138209033}.Debug|.NET.ActiveCfg = Debug|Any CPU
		{97D32A69-F4BC-40C3-8419-086138209033}.Debug|Any CPU.ActiveCfg = Debug|Any CPU
		{97D32A69-F4BC-40C3-8419-086138209033}.Debug|Any CPU.Build.0 = Debug|Any CPU
		{97D32A69-F4BC-40C3-8419-086138209033}.Debug|Mixed Platforms.ActiveCfg = Debug|Any CPU
		{97D32A69-F4BC-40C3-8419-086138209033}.Debug|Mixed Platforms.Build.0 = Debug|Any CPU
		{97D32A69-F4BC-40C3-8419-086138209033}.Debug|x86.ActiveCfg = Debug|Any CPU
		{97D32A69-F4BC-40C3-8419-086138209033}.Development|.NET.ActiveCfg = Development|Any CPU
		{97D32A69-F4BC-40C3-8419-086138209033}.Development|Any CPU.ActiveCfg = Development|Any CPU
		{97D32A69-F4BC-40C3-8419-086138209033}.Development|Any CPU.Build.0 = Development|Any CPU
		{97D32A69-F4BC-40C3-8419-086138209033}.Development|Mixed Platforms.ActiveCfg = Development|Any CPU
		{97D32A69-F4BC-40C3-8419-086138209033}.Development|Mixed Platforms.Build.0 = Development|Any CPU
		{97D32A69-F4BC-40C3-8419-086138209033}.Development|x86.ActiveCfg = Development|Any CPU
		{97D32A69-F4BC-40C3-8419-086138209033}.Production|.NET.ActiveCfg = Production|Any CPU
		{97D32A69-F4BC-40C3-8419-086138209033}.Production|Any CPU.ActiveCfg = Production|Any CPU
		{97D32A69-F4BC-40C3-8419-086138209033}.Production|Any CPU.Build.0 = Production|Any CPU
		{97D32A69-F4BC-40C3-8419-086138209033}.Production|Mixed Platforms.ActiveCfg = Production|Any CPU
		{97D32A69-F4BC-40C3-8419-086138209033}.Production|Mixed Platforms.Build.0 = Production|Any CPU
		{97D32A69-F4BC-40C3-8419-086138209033}.Production|x86.ActiveCfg = Production|Any CPU
		{97D32A69-F4BC-40C3-8419-086138209033}.Release|.NET.ActiveCfg = Release|Any CPU
		{97D32A69-F4BC-40C3-8419-086138209033}.Release|Any CPU.ActiveCfg = Release|Any CPU
		{97D32A69-F4BC-40C3-8419-086138209033}.Release|Any CPU.Build.0 = Release|Any CPU
		{97D32A69-F4BC-40C3-8419-086138209033}.Release|Mixed Platforms.ActiveCfg = Release|Any CPU
		{97D32A69-F4BC-40C3-8419-086138209033}.Release|Mixed Platforms.Build.0 = Release|Any CPU
		{97D32A69-F4BC-40C3-8419-086138209033}.Release|x86.ActiveCfg = Release|Any CPU
		{97D32A69-F4BC-40C3-8419-086138209033}.Staging|.NET.ActiveCfg = Staging|Any CPU
		{97D32A69-F4BC-40C3-8419-086138209033}.Staging|Any CPU.ActiveCfg = Staging|Any CPU
		{97D32A69-F4BC-40C3-8419-086138209033}.Staging|Any CPU.Build.0 = Staging|Any CPU
		{97D32A69-F4BC-40C3-8419-086138209033}.Staging|Mixed Platforms.ActiveCfg = Staging|Any CPU
		{97D32A69-F4BC-40C3-8419-086138209033}.Staging|Mixed Platforms.Build.0 = Staging|Any CPU
		{97D32A69-F4BC-40C3-8419-086138209033}.Staging|x86.ActiveCfg = Staging|Any CPU
		{97D32A69-F4BC-40C3-8419-086138209033}.Test|.NET.ActiveCfg = Test|Any CPU
		{97D32A69-F4BC-40C3-8419-086138209033}.Test|Any CPU.ActiveCfg = Test|Any CPU
		{97D32A69-F4BC-40C3-8419-086138209033}.Test|Any CPU.Build.0 = Test|Any CPU
		{97D32A69-F4BC-40C3-8419-086138209033}.Test|Mixed Platforms.ActiveCfg = Test|Any CPU
		{97D32A69-F4BC-40C3-8419-086138209033}.Test|Mixed Platforms.Build.0 = Test|Any CPU
		{97D32A69-F4BC-40C3-8419-086138209033}.Test|x86.ActiveCfg = Test|Any CPU
		{08860B92-BACA-48F4-B6E2-426ABC6807F9}.CodeAnalysis|.NET.ActiveCfg = Production|Any CPU
		{08860B92-BACA-48F4-B6E2-426ABC6807F9}.CodeAnalysis|Any CPU.ActiveCfg = Production|Any CPU
		{08860B92-BACA-48F4-B6E2-426ABC6807F9}.CodeAnalysis|Any CPU.Build.0 = Production|Any CPU
		{08860B92-BACA-48F4-B6E2-426ABC6807F9}.CodeAnalysis|Mixed Platforms.ActiveCfg = Production|Any CPU
		{08860B92-BACA-48F4-B6E2-426ABC6807F9}.CodeAnalysis|Mixed Platforms.Build.0 = Production|Any CPU
		{08860B92-BACA-48F4-B6E2-426ABC6807F9}.CodeAnalysis|x86.ActiveCfg = Test|Any CPU
		{08860B92-BACA-48F4-B6E2-426ABC6807F9}.Debug|.NET.ActiveCfg = Debug|Any CPU
		{08860B92-BACA-48F4-B6E2-426ABC6807F9}.Debug|Any CPU.ActiveCfg = Debug|Any CPU
		{08860B92-BACA-48F4-B6E2-426ABC6807F9}.Debug|Any CPU.Build.0 = Debug|Any CPU
		{08860B92-BACA-48F4-B6E2-426ABC6807F9}.Debug|Mixed Platforms.ActiveCfg = Debug|Any CPU
		{08860B92-BACA-48F4-B6E2-426ABC6807F9}.Debug|Mixed Platforms.Build.0 = Debug|Any CPU
		{08860B92-BACA-48F4-B6E2-426ABC6807F9}.Debug|x86.ActiveCfg = Debug|Any CPU
		{08860B92-BACA-48F4-B6E2-426ABC6807F9}.Development|.NET.ActiveCfg = Development|Any CPU
		{08860B92-BACA-48F4-B6E2-426ABC6807F9}.Development|Any CPU.ActiveCfg = Development|Any CPU
		{08860B92-BACA-48F4-B6E2-426ABC6807F9}.Development|Any CPU.Build.0 = Development|Any CPU
		{08860B92-BACA-48F4-B6E2-426ABC6807F9}.Development|Mixed Platforms.ActiveCfg = Development|Any CPU
		{08860B92-BACA-48F4-B6E2-426ABC6807F9}.Development|Mixed Platforms.Build.0 = Development|Any CPU
		{08860B92-BACA-48F4-B6E2-426ABC6807F9}.Development|x86.ActiveCfg = Development|Any CPU
		{08860B92-BACA-48F4-B6E2-426ABC6807F9}.Production|.NET.ActiveCfg = Production|Any CPU
		{08860B92-BACA-48F4-B6E2-426ABC6807F9}.Production|Any CPU.ActiveCfg = Production|Any CPU
		{08860B92-BACA-48F4-B6E2-426ABC6807F9}.Production|Any CPU.Build.0 = Production|Any CPU
		{08860B92-BACA-48F4-B6E2-426ABC6807F9}.Production|Mixed Platforms.ActiveCfg = Production|Any CPU
		{08860B92-BACA-48F4-B6E2-426ABC6807F9}.Production|Mixed Platforms.Build.0 = Production|Any CPU
		{08860B92-BACA-48F4-B6E2-426ABC6807F9}.Production|x86.ActiveCfg = Production|Any CPU
		{08860B92-BACA-48F4-B6E2-426ABC6807F9}.Release|.NET.ActiveCfg = Release|Any CPU
		{08860B92-BACA-48F4-B6E2-426ABC6807F9}.Release|Any CPU.ActiveCfg = Release|Any CPU
		{08860B92-BACA-48F4-B6E2-426ABC6807F9}.Release|Any CPU.Build.0 = Release|Any CPU
		{08860B92-BACA-48F4-B6E2-426ABC6807F9}.Release|Mixed Platforms.ActiveCfg = Release|Any CPU
		{08860B92-BACA-48F4-B6E2-426ABC6807F9}.Release|Mixed Platforms.Build.0 = Release|Any CPU
		{08860B92-BACA-48F4-B6E2-426ABC6807F9}.Release|x86.ActiveCfg = Release|Any CPU
		{08860B92-BACA-48F4-B6E2-426ABC6807F9}.Staging|.NET.ActiveCfg = Staging|Any CPU
		{08860B92-BACA-48F4-B6E2-426ABC6807F9}.Staging|Any CPU.ActiveCfg = Staging|Any CPU
		{08860B92-BACA-48F4-B6E2-426ABC6807F9}.Staging|Any CPU.Build.0 = Staging|Any CPU
		{08860B92-BACA-48F4-B6E2-426ABC6807F9}.Staging|Mixed Platforms.ActiveCfg = Staging|Any CPU
		{08860B92-BACA-48F4-B6E2-426ABC6807F9}.Staging|Mixed Platforms.Build.0 = Staging|Any CPU
		{08860B92-BACA-48F4-B6E2-426ABC6807F9}.Staging|x86.ActiveCfg = Staging|Any CPU
		{08860B92-BACA-48F4-B6E2-426ABC6807F9}.Test|.NET.ActiveCfg = Test|Any CPU
		{08860B92-BACA-48F4-B6E2-426ABC6807F9}.Test|Any CPU.ActiveCfg = Test|Any CPU
		{08860B92-BACA-48F4-B6E2-426ABC6807F9}.Test|Any CPU.Build.0 = Test|Any CPU
		{08860B92-BACA-48F4-B6E2-426ABC6807F9}.Test|Mixed Platforms.ActiveCfg = Test|Any CPU
		{08860B92-BACA-48F4-B6E2-426ABC6807F9}.Test|Mixed Platforms.Build.0 = Test|Any CPU
		{08860B92-BACA-48F4-B6E2-426ABC6807F9}.Test|x86.ActiveCfg = Test|Any CPU
		{D28BB134-E0CD-4A64-B133-2CD4B4CAC4D6}.CodeAnalysis|.NET.ActiveCfg = Production|Any CPU
		{D28BB134-E0CD-4A64-B133-2CD4B4CAC4D6}.CodeAnalysis|Any CPU.ActiveCfg = Production|Any CPU
		{D28BB134-E0CD-4A64-B133-2CD4B4CAC4D6}.CodeAnalysis|Any CPU.Build.0 = Production|Any CPU
		{D28BB134-E0CD-4A64-B133-2CD4B4CAC4D6}.CodeAnalysis|Mixed Platforms.ActiveCfg = Production|Any CPU
		{D28BB134-E0CD-4A64-B133-2CD4B4CAC4D6}.CodeAnalysis|Mixed Platforms.Build.0 = Production|Any CPU
		{D28BB134-E0CD-4A64-B133-2CD4B4CAC4D6}.CodeAnalysis|x86.ActiveCfg = Test|Any CPU
		{D28BB134-E0CD-4A64-B133-2CD4B4CAC4D6}.Debug|.NET.ActiveCfg = Debug|Any CPU
		{D28BB134-E0CD-4A64-B133-2CD4B4CAC4D6}.Debug|Any CPU.ActiveCfg = Debug|Any CPU
		{D28BB134-E0CD-4A64-B133-2CD4B4CAC4D6}.Debug|Any CPU.Build.0 = Debug|Any CPU
		{D28BB134-E0CD-4A64-B133-2CD4B4CAC4D6}.Debug|Mixed Platforms.ActiveCfg = Debug|Any CPU
		{D28BB134-E0CD-4A64-B133-2CD4B4CAC4D6}.Debug|Mixed Platforms.Build.0 = Debug|Any CPU
		{D28BB134-E0CD-4A64-B133-2CD4B4CAC4D6}.Debug|x86.ActiveCfg = Debug|Any CPU
		{D28BB134-E0CD-4A64-B133-2CD4B4CAC4D6}.Development|.NET.ActiveCfg = Development|Any CPU
		{D28BB134-E0CD-4A64-B133-2CD4B4CAC4D6}.Development|Any CPU.ActiveCfg = Development|Any CPU
		{D28BB134-E0CD-4A64-B133-2CD4B4CAC4D6}.Development|Any CPU.Build.0 = Development|Any CPU
		{D28BB134-E0CD-4A64-B133-2CD4B4CAC4D6}.Development|Mixed Platforms.ActiveCfg = Development|Any CPU
		{D28BB134-E0CD-4A64-B133-2CD4B4CAC4D6}.Development|Mixed Platforms.Build.0 = Development|Any CPU
		{D28BB134-E0CD-4A64-B133-2CD4B4CAC4D6}.Development|x86.ActiveCfg = Development|Any CPU
		{D28BB134-E0CD-4A64-B133-2CD4B4CAC4D6}.Production|.NET.ActiveCfg = Production|Any CPU
		{D28BB134-E0CD-4A64-B133-2CD4B4CAC4D6}.Production|Any CPU.ActiveCfg = Production|Any CPU
		{D28BB134-E0CD-4A64-B133-2CD4B4CAC4D6}.Production|Any CPU.Build.0 = Production|Any CPU
		{D28BB134-E0CD-4A64-B133-2CD4B4CAC4D6}.Production|Mixed Platforms.ActiveCfg = Production|Any CPU
		{D28BB134-E0CD-4A64-B133-2CD4B4CAC4D6}.Production|Mixed Platforms.Build.0 = Production|Any CPU
		{D28BB134-E0CD-4A64-B133-2CD4B4CAC4D6}.Production|x86.ActiveCfg = Production|Any CPU
		{D28BB134-E0CD-4A64-B133-2CD4B4CAC4D6}.Release|.NET.ActiveCfg = Release|Any CPU
		{D28BB134-E0CD-4A64-B133-2CD4B4CAC4D6}.Release|Any CPU.ActiveCfg = Release|Any CPU
		{D28BB134-E0CD-4A64-B133-2CD4B4CAC4D6}.Release|Any CPU.Build.0 = Release|Any CPU
		{D28BB134-E0CD-4A64-B133-2CD4B4CAC4D6}.Release|Mixed Platforms.ActiveCfg = Release|Any CPU
		{D28BB134-E0CD-4A64-B133-2CD4B4CAC4D6}.Release|Mixed Platforms.Build.0 = Release|Any CPU
		{D28BB134-E0CD-4A64-B133-2CD4B4CAC4D6}.Release|x86.ActiveCfg = Release|Any CPU
		{D28BB134-E0CD-4A64-B133-2CD4B4CAC4D6}.Staging|.NET.ActiveCfg = Staging|Any CPU
		{D28BB134-E0CD-4A64-B133-2CD4B4CAC4D6}.Staging|Any CPU.ActiveCfg = Staging|Any CPU
		{D28BB134-E0CD-4A64-B133-2CD4B4CAC4D6}.Staging|Any CPU.Build.0 = Staging|Any CPU
		{D28BB134-E0CD-4A64-B133-2CD4B4CAC4D6}.Staging|Mixed Platforms.ActiveCfg = Staging|Any CPU
		{D28BB134-E0CD-4A64-B133-2CD4B4CAC4D6}.Staging|Mixed Platforms.Build.0 = Staging|Any CPU
		{D28BB134-E0CD-4A64-B133-2CD4B4CAC4D6}.Staging|x86.ActiveCfg = Staging|Any CPU
		{D28BB134-E0CD-4A64-B133-2CD4B4CAC4D6}.Test|.NET.ActiveCfg = Test|Any CPU
		{D28BB134-E0CD-4A64-B133-2CD4B4CAC4D6}.Test|Any CPU.ActiveCfg = Test|Any CPU
		{D28BB134-E0CD-4A64-B133-2CD4B4CAC4D6}.Test|Any CPU.Build.0 = Test|Any CPU
		{D28BB134-E0CD-4A64-B133-2CD4B4CAC4D6}.Test|Mixed Platforms.ActiveCfg = Test|Any CPU
		{D28BB134-E0CD-4A64-B133-2CD4B4CAC4D6}.Test|Mixed Platforms.Build.0 = Test|Any CPU
		{D28BB134-E0CD-4A64-B133-2CD4B4CAC4D6}.Test|x86.ActiveCfg = Test|Any CPU
		{634BEC19-7EFB-4DF3-AF52-7E170B124E1F}.CodeAnalysis|.NET.ActiveCfg = Release|Any CPU
		{634BEC19-7EFB-4DF3-AF52-7E170B124E1F}.CodeAnalysis|.NET.Build.0 = Release|Any CPU
		{634BEC19-7EFB-4DF3-AF52-7E170B124E1F}.CodeAnalysis|Any CPU.ActiveCfg = Release|Any CPU
		{634BEC19-7EFB-4DF3-AF52-7E170B124E1F}.CodeAnalysis|Any CPU.Build.0 = Release|Any CPU
		{634BEC19-7EFB-4DF3-AF52-7E170B124E1F}.CodeAnalysis|Mixed Platforms.ActiveCfg = Release|Any CPU
		{634BEC19-7EFB-4DF3-AF52-7E170B124E1F}.CodeAnalysis|Mixed Platforms.Build.0 = Release|Any CPU
		{634BEC19-7EFB-4DF3-AF52-7E170B124E1F}.CodeAnalysis|x86.ActiveCfg = Release|Any CPU
		{634BEC19-7EFB-4DF3-AF52-7E170B124E1F}.CodeAnalysis|x86.Build.0 = Release|Any CPU
		{634BEC19-7EFB-4DF3-AF52-7E170B124E1F}.Debug|.NET.ActiveCfg = Debug|Any CPU
		{634BEC19-7EFB-4DF3-AF52-7E170B124E1F}.Debug|.NET.Build.0 = Debug|Any CPU
		{634BEC19-7EFB-4DF3-AF52-7E170B124E1F}.Debug|Any CPU.ActiveCfg = Debug|Any CPU
		{634BEC19-7EFB-4DF3-AF52-7E170B124E1F}.Debug|Any CPU.Build.0 = Debug|Any CPU
		{634BEC19-7EFB-4DF3-AF52-7E170B124E1F}.Debug|Mixed Platforms.ActiveCfg = Debug|Any CPU
		{634BEC19-7EFB-4DF3-AF52-7E170B124E1F}.Debug|Mixed Platforms.Build.0 = Debug|Any CPU
		{634BEC19-7EFB-4DF3-AF52-7E170B124E1F}.Debug|x86.ActiveCfg = Debug|Any CPU
		{634BEC19-7EFB-4DF3-AF52-7E170B124E1F}.Debug|x86.Build.0 = Debug|Any CPU
		{634BEC19-7EFB-4DF3-AF52-7E170B124E1F}.Development|.NET.ActiveCfg = Debug|Any CPU
		{634BEC19-7EFB-4DF3-AF52-7E170B124E1F}.Development|.NET.Build.0 = Debug|Any CPU
		{634BEC19-7EFB-4DF3-AF52-7E170B124E1F}.Development|Any CPU.ActiveCfg = Debug|Any CPU
		{634BEC19-7EFB-4DF3-AF52-7E170B124E1F}.Development|Any CPU.Build.0 = Debug|Any CPU
		{634BEC19-7EFB-4DF3-AF52-7E170B124E1F}.Development|Mixed Platforms.ActiveCfg = Debug|Any CPU
		{634BEC19-7EFB-4DF3-AF52-7E170B124E1F}.Development|Mixed Platforms.Build.0 = Debug|Any CPU
		{634BEC19-7EFB-4DF3-AF52-7E170B124E1F}.Development|x86.ActiveCfg = Debug|Any CPU
		{634BEC19-7EFB-4DF3-AF52-7E170B124E1F}.Development|x86.Build.0 = Debug|Any CPU
		{634BEC19-7EFB-4DF3-AF52-7E170B124E1F}.Production|.NET.ActiveCfg = Release|Any CPU
		{634BEC19-7EFB-4DF3-AF52-7E170B124E1F}.Production|.NET.Build.0 = Release|Any CPU
		{634BEC19-7EFB-4DF3-AF52-7E170B124E1F}.Production|Any CPU.ActiveCfg = Release|Any CPU
		{634BEC19-7EFB-4DF3-AF52-7E170B124E1F}.Production|Any CPU.Build.0 = Release|Any CPU
		{634BEC19-7EFB-4DF3-AF52-7E170B124E1F}.Production|Mixed Platforms.ActiveCfg = Release|Any CPU
		{634BEC19-7EFB-4DF3-AF52-7E170B124E1F}.Production|Mixed Platforms.Build.0 = Release|Any CPU
		{634BEC19-7EFB-4DF3-AF52-7E170B124E1F}.Production|x86.ActiveCfg = Release|Any CPU
		{634BEC19-7EFB-4DF3-AF52-7E170B124E1F}.Production|x86.Build.0 = Release|Any CPU
		{634BEC19-7EFB-4DF3-AF52-7E170B124E1F}.Release|.NET.ActiveCfg = Release|Any CPU
		{634BEC19-7EFB-4DF3-AF52-7E170B124E1F}.Release|.NET.Build.0 = Release|Any CPU
		{634BEC19-7EFB-4DF3-AF52-7E170B124E1F}.Release|Any CPU.ActiveCfg = Release|Any CPU
		{634BEC19-7EFB-4DF3-AF52-7E170B124E1F}.Release|Any CPU.Build.0 = Release|Any CPU
		{634BEC19-7EFB-4DF3-AF52-7E170B124E1F}.Release|Mixed Platforms.ActiveCfg = Release|Any CPU
		{634BEC19-7EFB-4DF3-AF52-7E170B124E1F}.Release|Mixed Platforms.Build.0 = Release|Any CPU
		{634BEC19-7EFB-4DF3-AF52-7E170B124E1F}.Release|x86.ActiveCfg = Release|Any CPU
		{634BEC19-7EFB-4DF3-AF52-7E170B124E1F}.Release|x86.Build.0 = Release|Any CPU
		{634BEC19-7EFB-4DF3-AF52-7E170B124E1F}.Staging|.NET.ActiveCfg = Release|Any CPU
		{634BEC19-7EFB-4DF3-AF52-7E170B124E1F}.Staging|.NET.Build.0 = Release|Any CPU
		{634BEC19-7EFB-4DF3-AF52-7E170B124E1F}.Staging|Any CPU.ActiveCfg = Release|Any CPU
		{634BEC19-7EFB-4DF3-AF52-7E170B124E1F}.Staging|Any CPU.Build.0 = Release|Any CPU
		{634BEC19-7EFB-4DF3-AF52-7E170B124E1F}.Staging|Mixed Platforms.ActiveCfg = Release|Any CPU
		{634BEC19-7EFB-4DF3-AF52-7E170B124E1F}.Staging|Mixed Platforms.Build.0 = Release|Any CPU
		{634BEC19-7EFB-4DF3-AF52-7E170B124E1F}.Staging|x86.ActiveCfg = Release|Any CPU
		{634BEC19-7EFB-4DF3-AF52-7E170B124E1F}.Staging|x86.Build.0 = Release|Any CPU
		{634BEC19-7EFB-4DF3-AF52-7E170B124E1F}.Test|.NET.ActiveCfg = Release|Any CPU
		{634BEC19-7EFB-4DF3-AF52-7E170B124E1F}.Test|.NET.Build.0 = Release|Any CPU
		{634BEC19-7EFB-4DF3-AF52-7E170B124E1F}.Test|Any CPU.ActiveCfg = Release|Any CPU
		{634BEC19-7EFB-4DF3-AF52-7E170B124E1F}.Test|Any CPU.Build.0 = Release|Any CPU
		{634BEC19-7EFB-4DF3-AF52-7E170B124E1F}.Test|Mixed Platforms.ActiveCfg = Release|Any CPU
		{634BEC19-7EFB-4DF3-AF52-7E170B124E1F}.Test|Mixed Platforms.Build.0 = Release|Any CPU
		{634BEC19-7EFB-4DF3-AF52-7E170B124E1F}.Test|x86.ActiveCfg = Release|Any CPU
		{634BEC19-7EFB-4DF3-AF52-7E170B124E1F}.Test|x86.Build.0 = Release|Any CPU
		{90C4E146-E3BB-4859-9B61-70D67E80958A}.CodeAnalysis|.NET.ActiveCfg = Release|Any CPU
		{90C4E146-E3BB-4859-9B61-70D67E80958A}.CodeAnalysis|.NET.Build.0 = Release|Any CPU
		{90C4E146-E3BB-4859-9B61-70D67E80958A}.CodeAnalysis|Any CPU.ActiveCfg = Release|Any CPU
		{90C4E146-E3BB-4859-9B61-70D67E80958A}.CodeAnalysis|Any CPU.Build.0 = Release|Any CPU
		{90C4E146-E3BB-4859-9B61-70D67E80958A}.CodeAnalysis|Mixed Platforms.ActiveCfg = Release|Any CPU
		{90C4E146-E3BB-4859-9B61-70D67E80958A}.CodeAnalysis|Mixed Platforms.Build.0 = Release|Any CPU
		{90C4E146-E3BB-4859-9B61-70D67E80958A}.CodeAnalysis|x86.ActiveCfg = Release|Any CPU
		{90C4E146-E3BB-4859-9B61-70D67E80958A}.CodeAnalysis|x86.Build.0 = Release|Any CPU
		{90C4E146-E3BB-4859-9B61-70D67E80958A}.Debug|.NET.ActiveCfg = Debug|Any CPU
		{90C4E146-E3BB-4859-9B61-70D67E80958A}.Debug|.NET.Build.0 = Debug|Any CPU
		{90C4E146-E3BB-4859-9B61-70D67E80958A}.Debug|Any CPU.ActiveCfg = Debug|Any CPU
		{90C4E146-E3BB-4859-9B61-70D67E80958A}.Debug|Any CPU.Build.0 = Debug|Any CPU
		{90C4E146-E3BB-4859-9B61-70D67E80958A}.Debug|Mixed Platforms.ActiveCfg = Debug|Any CPU
		{90C4E146-E3BB-4859-9B61-70D67E80958A}.Debug|Mixed Platforms.Build.0 = Debug|Any CPU
		{90C4E146-E3BB-4859-9B61-70D67E80958A}.Debug|x86.ActiveCfg = Debug|Any CPU
		{90C4E146-E3BB-4859-9B61-70D67E80958A}.Debug|x86.Build.0 = Debug|Any CPU
		{90C4E146-E3BB-4859-9B61-70D67E80958A}.Development|.NET.ActiveCfg = Debug|Any CPU
		{90C4E146-E3BB-4859-9B61-70D67E80958A}.Development|.NET.Build.0 = Debug|Any CPU
		{90C4E146-E3BB-4859-9B61-70D67E80958A}.Development|Any CPU.ActiveCfg = Debug|Any CPU
		{90C4E146-E3BB-4859-9B61-70D67E80958A}.Development|Any CPU.Build.0 = Debug|Any CPU
		{90C4E146-E3BB-4859-9B61-70D67E80958A}.Development|Mixed Platforms.ActiveCfg = Debug|Any CPU
		{90C4E146-E3BB-4859-9B61-70D67E80958A}.Development|Mixed Platforms.Build.0 = Debug|Any CPU
		{90C4E146-E3BB-4859-9B61-70D67E80958A}.Development|x86.ActiveCfg = Debug|Any CPU
		{90C4E146-E3BB-4859-9B61-70D67E80958A}.Development|x86.Build.0 = Debug|Any CPU
		{90C4E146-E3BB-4859-9B61-70D67E80958A}.Production|.NET.ActiveCfg = Release|Any CPU
		{90C4E146-E3BB-4859-9B61-70D67E80958A}.Production|.NET.Build.0 = Release|Any CPU
		{90C4E146-E3BB-4859-9B61-70D67E80958A}.Production|Any CPU.ActiveCfg = Release|Any CPU
		{90C4E146-E3BB-4859-9B61-70D67E80958A}.Production|Any CPU.Build.0 = Release|Any CPU
		{90C4E146-E3BB-4859-9B61-70D67E80958A}.Production|Mixed Platforms.ActiveCfg = Release|Any CPU
		{90C4E146-E3BB-4859-9B61-70D67E80958A}.Production|Mixed Platforms.Build.0 = Release|Any CPU
		{90C4E146-E3BB-4859-9B61-70D67E80958A}.Production|x86.ActiveCfg = Release|Any CPU
		{90C4E146-E3BB-4859-9B61-70D67E80958A}.Production|x86.Build.0 = Release|Any CPU
		{90C4E146-E3BB-4859-9B61-70D67E80958A}.Release|.NET.ActiveCfg = Release|Any CPU
		{90C4E146-E3BB-4859-9B61-70D67E80958A}.Release|.NET.Build.0 = Release|Any CPU
		{90C4E146-E3BB-4859-9B61-70D67E80958A}.Release|Any CPU.ActiveCfg = Release|Any CPU
		{90C4E146-E3BB-4859-9B61-70D67E80958A}.Release|Any CPU.Build.0 = Release|Any CPU
		{90C4E146-E3BB-4859-9B61-70D67E80958A}.Release|Mixed Platforms.ActiveCfg = Release|Any CPU
		{90C4E146-E3BB-4859-9B61-70D67E80958A}.Release|Mixed Platforms.Build.0 = Release|Any CPU
		{90C4E146-E3BB-4859-9B61-70D67E80958A}.Release|x86.ActiveCfg = Release|Any CPU
		{90C4E146-E3BB-4859-9B61-70D67E80958A}.Release|x86.Build.0 = Release|Any CPU
		{90C4E146-E3BB-4859-9B61-70D67E80958A}.Staging|.NET.ActiveCfg = Release|Any CPU
		{90C4E146-E3BB-4859-9B61-70D67E80958A}.Staging|.NET.Build.0 = Release|Any CPU
		{90C4E146-E3BB-4859-9B61-70D67E80958A}.Staging|Any CPU.ActiveCfg = Release|Any CPU
		{90C4E146-E3BB-4859-9B61-70D67E80958A}.Staging|Any CPU.Build.0 = Release|Any CPU
		{90C4E146-E3BB-4859-9B61-70D67E80958A}.Staging|Mixed Platforms.ActiveCfg = Release|Any CPU
		{90C4E146-E3BB-4859-9B61-70D67E80958A}.Staging|Mixed Platforms.Build.0 = Release|Any CPU
		{90C4E146-E3BB-4859-9B61-70D67E80958A}.Staging|x86.ActiveCfg = Release|Any CPU
		{90C4E146-E3BB-4859-9B61-70D67E80958A}.Staging|x86.Build.0 = Release|Any CPU
		{90C4E146-E3BB-4859-9B61-70D67E80958A}.Test|.NET.ActiveCfg = Release|Any CPU
		{90C4E146-E3BB-4859-9B61-70D67E80958A}.Test|.NET.Build.0 = Release|Any CPU
		{90C4E146-E3BB-4859-9B61-70D67E80958A}.Test|Any CPU.ActiveCfg = Release|Any CPU
		{90C4E146-E3BB-4859-9B61-70D67E80958A}.Test|Any CPU.Build.0 = Release|Any CPU
		{90C4E146-E3BB-4859-9B61-70D67E80958A}.Test|Mixed Platforms.ActiveCfg = Release|Any CPU
		{90C4E146-E3BB-4859-9B61-70D67E80958A}.Test|Mixed Platforms.Build.0 = Release|Any CPU
		{90C4E146-E3BB-4859-9B61-70D67E80958A}.Test|x86.ActiveCfg = Release|Any CPU
		{90C4E146-E3BB-4859-9B61-70D67E80958A}.Test|x86.Build.0 = Release|Any CPU
	EndGlobalSection
	GlobalSection(SolutionProperties) = preSolution
		HideSolutionNode = FALSE
	EndGlobalSection
	GlobalSection(NestedProjects) = preSolution
		{C565080C-8D58-4724-8C59-D4AA2CC46384} = {BE5BAE86-5F15-4E6E-8F63-95D413FE5C58}
		{97D32A69-F4BC-40C3-8419-086138209033} = {BE5BAE86-5F15-4E6E-8F63-95D413FE5C58}
		{08860B92-BACA-48F4-B6E2-426ABC6807F9} = {BE5BAE86-5F15-4E6E-8F63-95D413FE5C58}
		{D28BB134-E0CD-4A64-B133-2CD4B4CAC4D6} = {BE5BAE86-5F15-4E6E-8F63-95D413FE5C58}
	EndGlobalSection
EndGlobal
