Microsoft Visual Studio Solution File, Format Version 12.00
# Visual Studio 2012
Project("{2150E333-8FDC-42A3-9474-1A3956D46DE8}") = "Solution Items", "Solution Items", "{B0963EA0-B920-4506-B669-BA749D1A9309}"
	ProjectSection(SolutionItems) = preProject
		DeploymentTools.vsmdi = DeploymentTools.vsmdi
		DeploymentTools_InnoSetupScript.iss = DeploymentTools_InnoSetupScript.iss
		DeploymentTools_No_MasterBuild_InnoSetupScript.iss = DeploymentTools_No_MasterBuild_InnoSetupScript.iss
		econf.syn = econf.syn
		Local.testsettings = Local.testsettings
		TraceAndTestImpact.testsettings = TraceAndTestImpact.testsettings
	EndProjectSection
EndProject
Project("{FAE04EC0-301F-11D3-BF4B-00C04F79EFBC}") = "EMInterfaces", "..\..\EM.Interfaces\EMInterfaces.csproj", "{97D32A69-F4BC-40C3-8419-086138209033}"
EndProject
Project("{FAE04EC0-301F-11D3-BF4B-00C04F79EFBC}") = "DeploymentTools", "DeploymentTools\DeploymentTools.csproj", "{82CD8049-8ECC-431E-AB38-70ADA0EE6FD8}"
EndProject
Project("{FAE04EC0-301F-11D3-BF4B-00C04F79EFBC}") = "EDB", "..\..\EM.DB\EDB.csproj", "{C565080C-8D58-4724-8C59-D4AA2CC46384}"
EndProject
Project("{54435603-DBB4-11D2-8724-00A0C9A8B90C}") = "DeploymentToolsSetup", "DeploymentSetup\DeploymentSetup.vdproj", "{C06E2CA6-F598-4D51-82F9-2B08F1B46832}"
EndProject
Project("{FAE04EC0-301F-11D3-BF4B-00C04F79EFBC}") = "TreeSync", "..\..\TreeSync\TreeSync.csproj", "{2E660C1D-666F-4DA9-8810-036105F7468D}"
EndProject
Project("{FAE04EC0-301F-11D3-BF4B-00C04F79EFBC}") = "DTPluginBase", "DTPluginBase\DTPluginBase.csproj", "{858841F2-8208-4D66-862E-E8C64CFD5DAF}"
EndProject
Project("{FAE04EC0-301F-11D3-BF4B-00C04F79EFBC}") = "COMRegistrationPlugin", "COMRegistrationPlugin\COMRegistrationPlugin.csproj", "{7CBE554C-0B4C-4EBE-BFCF-596A6BA856F5}"
EndProject
Project("{FAE04EC0-301F-11D3-BF4B-00C04F79EFBC}") = "ProjectDeployPackagePlugin", "ProjectDeployPackage\ProjectDeployPackagePlugin.csproj", "{1C78309F-F899-4E5D-AAF3-F1729AFCA514}"
EndProject
Project("{FAE04EC0-301F-11D3-BF4B-00C04F79EFBC}") = "ServiceDeployPlugin", "ServiceDeployPlugin\ServiceDeployPlugin.csproj", "{0D5EE116-12A7-47CE-A637-18BB1A9AFC7F}"
EndProject
Project("{F2A71F9B-5D33-465A-A702-920D77279786}") = "ParallelTasks", "ParallelTasks\ParallelTasks.fsproj", "{DDB5DF3E-1DF6-427B-B844-425D315A5B1C}"
EndProject
Project("{FAE04EC0-301F-11D3-BF4B-00C04F79EFBC}") = "EUtil", "..\..\EM.Util\EUtil.csproj", "{08860B92-BACA-48F4-B6E2-426ABC6807F9}"
EndProject
Project("{FAE04EC0-301F-11D3-BF4B-00C04F79EFBC}") = "MasterBuild", "..\..\Tools\MasterBuild\MasterBuild\MasterBuild.csproj", "{4F18830F-6D4E-49C8-8231-C413A3389D79}"
EndProject
Project("{FAE04EC0-301F-11D3-BF4B-00C04F79EFBC}") = "Common.SurePayroll", "..\..\Tools\MasterBuild\Common.SurePayroll\Common.SurePayroll.csproj", "{63D00187-6E65-48E5-A5EA-AC94CE2F73EC}"
EndProject
Project("{FAE04EC0-301F-11D3-BF4B-00C04F79EFBC}") = "MasterDeploy", "MasterDeploy\MasterDeploy.csproj", "{AD75A6CD-3244-4824-BCC1-0F7CBF899E1A}"
EndProject
Global
	GlobalSection(TeamFoundationVersionControl) = preSolution
		SccNumberOfProjects = 15
		SccEnterpriseProvider = {4CA58AB2-18FA-4F8D-95D4-32DDF27D184C}
		SccTeamFoundationServer = http://devsource:8080/tfs/defaultcollection
		SccLocalPath0 = .
		SccProjectUniqueName1 = DeploymentTools\\DeploymentTools.csproj
		SccProjectName1 = DeploymentTools
		SccLocalPath1 = DeploymentTools
		SccProjectUniqueName2 = DeploymentSetup\\DeploymentSetup.vdproj
		SccProjectName2 = DeploymentSetup
		SccLocalPath2 = DeploymentSetup
		SccProjectUniqueName3 = DTPluginBase\\DTPluginBase.csproj
		SccProjectName3 = DTPluginBase
		SccLocalPath3 = DTPluginBase
		SccProjectUniqueName4 = COMRegistrationPlugin\\COMRegistrationPlugin.csproj
		SccProjectName4 = COMRegistrationPlugin
		SccLocalPath4 = COMRegistrationPlugin
		SccProjectUniqueName5 = ProjectDeployPackage\\ProjectDeployPackagePlugin.csproj
		SccProjectName5 = ProjectDeployPackage
		SccLocalPath5 = ProjectDeployPackage
		SccProjectUniqueName6 = ServiceDeployPlugin\\ServiceDeployPlugin.csproj
		SccProjectName6 = ServiceDeployPlugin
		SccLocalPath6 = ServiceDeployPlugin
		SccProjectUniqueName7 = ParallelTasks\\ParallelTasks.fsproj
		SccProjectName7 = ParallelTasks
		SccLocalPath7 = ParallelTasks
		SccProjectUniqueName8 = ..\\..\\EM.DB\\EDB.csproj
		SccProjectName8 = ../../EM.DB
		SccLocalPath8 = ..\\..\\EM.DB
		SccProjectUniqueName9 = ..\\..\\EM.Interfaces\\EMInterfaces.csproj
		SccProjectName9 = ../../EM.Interfaces
		SccLocalPath9 = ..\\..\\EM.Interfaces
		SccProjectUniqueName10 = ..\\..\\TreeSync\\TreeSync.csproj
		SccProjectName10 = ../../TreeSync
		SccLocalPath10 = ..\\..\\TreeSync
		SccProjectUniqueName11 = ..\\..\\EM.Util\\EUtil.csproj
		SccProjectName11 = ../../EM.Util
		SccLocalPath11 = ..\\..\\EM.Util
		SccProjectUniqueName12 = ..\\..\\Tools\\MasterBuild\\MasterBuild\\MasterBuild.csproj
		SccProjectName12 = ../../Tools/MasterBuild/MasterBuild
		SccLocalPath12 = ..\\..\\Tools\\MasterBuild\\MasterBuild
		SccProjectUniqueName13 = ..\\..\\Tools\\MasterBuild\\Common.SurePayroll\\Common.SurePayroll.csproj
		SccProjectName13 = ../../Tools/MasterBuild/Common.SurePayroll
		SccLocalPath13 = ..\\..\\Tools\\MasterBuild\\Common.SurePayroll
		SccProjectUniqueName14 = MasterDeploy\\MasterDeploy.csproj
		SccProjectName14 = MasterDeploy
		SccLocalPath14 = MasterDeploy
	EndGlobalSection
	GlobalSection(TestCaseManagementSettings) = postSolution
		CategoryFile = DeploymentTools.vsmdi
	EndGlobalSection
	GlobalSection(SolutionConfigurationPlatforms) = preSolution
		Debug|Any CPU = Debug|Any CPU
		Debug|Mixed Platforms = Debug|Mixed Platforms
		Debug|x86 = Debug|x86
		Development|Any CPU = Development|Any CPU
		Development|Mixed Platforms = Development|Mixed Platforms
		Development|x86 = Development|x86
		Production|Any CPU = Production|Any CPU
		Production|Mixed Platforms = Production|Mixed Platforms
		Production|x86 = Production|x86
		Release|Any CPU = Release|Any CPU
		Release|Mixed Platforms = Release|Mixed Platforms
		Release|x86 = Release|x86
		Test|Any CPU = Test|Any CPU
		Test|Mixed Platforms = Test|Mixed Platforms
		Test|x86 = Test|x86
	EndGlobalSection
	GlobalSection(ProjectConfigurationPlatforms) = postSolution
		{97D32A69-F4BC-40C3-8419-086138209033}.Debug|Any CPU.ActiveCfg = Debug|Any CPU
		{97D32A69-F4BC-40C3-8419-086138209033}.Debug|Any CPU.Build.0 = Debug|Any CPU
		{97D32A69-F4BC-40C3-8419-086138209033}.Debug|Mixed Platforms.ActiveCfg = Debug|Any CPU
		{97D32A69-F4BC-40C3-8419-086138209033}.Debug|Mixed Platforms.Build.0 = Debug|Any CPU
		{97D32A69-F4BC-40C3-8419-086138209033}.Debug|x86.ActiveCfg = Debug|Any CPU
		{97D32A69-F4BC-40C3-8419-086138209033}.Development|Any CPU.ActiveCfg = Development|Any CPU
		{97D32A69-F4BC-40C3-8419-086138209033}.Development|Any CPU.Build.0 = Development|Any CPU
		{97D32A69-F4BC-40C3-8419-086138209033}.Development|Mixed Platforms.ActiveCfg = Development|Any CPU
		{97D32A69-F4BC-40C3-8419-086138209033}.Development|Mixed Platforms.Build.0 = Development|Any CPU
		{97D32A69-F4BC-40C3-8419-086138209033}.Development|x86.ActiveCfg = Development|Any CPU
		{97D32A69-F4BC-40C3-8419-086138209033}.Production|Any CPU.ActiveCfg = Production|Any CPU
		{97D32A69-F4BC-40C3-8419-086138209033}.Production|Any CPU.Build.0 = Production|Any CPU
		{97D32A69-F4BC-40C3-8419-086138209033}.Production|Mixed Platforms.ActiveCfg = Production|Any CPU
		{97D32A69-F4BC-40C3-8419-086138209033}.Production|Mixed Platforms.Build.0 = Production|Any CPU
		{97D32A69-F4BC-40C3-8419-086138209033}.Production|x86.ActiveCfg = Production|Any CPU
		{97D32A69-F4BC-40C3-8419-086138209033}.Release|Any CPU.ActiveCfg = Release|Any CPU
		{97D32A69-F4BC-40C3-8419-086138209033}.Release|Any CPU.Build.0 = Release|Any CPU
		{97D32A69-F4BC-40C3-8419-086138209033}.Release|Mixed Platforms.ActiveCfg = Release|Any CPU
		{97D32A69-F4BC-40C3-8419-086138209033}.Release|Mixed Platforms.Build.0 = Release|Any CPU
		{97D32A69-F4BC-40C3-8419-086138209033}.Release|x86.ActiveCfg = Release|Any CPU
		{97D32A69-F4BC-40C3-8419-086138209033}.Test|Any CPU.ActiveCfg = Test|Any CPU
		{97D32A69-F4BC-40C3-8419-086138209033}.Test|Any CPU.Build.0 = Test|Any CPU
		{97D32A69-F4BC-40C3-8419-086138209033}.Test|Mixed Platforms.ActiveCfg = Test|Any CPU
		{97D32A69-F4BC-40C3-8419-086138209033}.Test|Mixed Platforms.Build.0 = Test|Any CPU
		{97D32A69-F4BC-40C3-8419-086138209033}.Test|x86.ActiveCfg = Test|Any CPU
		{82CD8049-8ECC-431E-AB38-70ADA0EE6FD8}.Debug|Any CPU.ActiveCfg = Debug|Any CPU
		{82CD8049-8ECC-431E-AB38-70ADA0EE6FD8}.Debug|Any CPU.Build.0 = Debug|Any CPU
		{82CD8049-8ECC-431E-AB38-70ADA0EE6FD8}.Debug|Mixed Platforms.ActiveCfg = Debug|Any CPU
		{82CD8049-8ECC-431E-AB38-70ADA0EE6FD8}.Debug|Mixed Platforms.Build.0 = Debug|Any CPU
		{82CD8049-8ECC-431E-AB38-70ADA0EE6FD8}.Debug|x86.ActiveCfg = Debug|Any CPU
		{82CD8049-8ECC-431E-AB38-70ADA0EE6FD8}.Development|Any CPU.ActiveCfg = Debug|Any CPU
		{82CD8049-8ECC-431E-AB38-70ADA0EE6FD8}.Development|Any CPU.Build.0 = Debug|Any CPU
		{82CD8049-8ECC-431E-AB38-70ADA0EE6FD8}.Development|Mixed Platforms.ActiveCfg = Debug|Any CPU
		{82CD8049-8ECC-431E-AB38-70ADA0EE6FD8}.Development|Mixed Platforms.Build.0 = Debug|Any CPU
		{82CD8049-8ECC-431E-AB38-70ADA0EE6FD8}.Development|x86.ActiveCfg = Debug|Any CPU
		{82CD8049-8ECC-431E-AB38-70ADA0EE6FD8}.Production|Any CPU.ActiveCfg = Release|Any CPU
		{82CD8049-8ECC-431E-AB38-70ADA0EE6FD8}.Production|Any CPU.Build.0 = Release|Any CPU
		{82CD8049-8ECC-431E-AB38-70ADA0EE6FD8}.Production|Mixed Platforms.ActiveCfg = Release|Any CPU
		{82CD8049-8ECC-431E-AB38-70ADA0EE6FD8}.Production|Mixed Platforms.Build.0 = Release|Any CPU
		{82CD8049-8ECC-431E-AB38-70ADA0EE6FD8}.Production|x86.ActiveCfg = Release|Any CPU
		{82CD8049-8ECC-431E-AB38-70ADA0EE6FD8}.Release|Any CPU.ActiveCfg = Release|Any CPU
		{82CD8049-8ECC-431E-AB38-70ADA0EE6FD8}.Release|Any CPU.Build.0 = Release|Any CPU
		{82CD8049-8ECC-431E-AB38-70ADA0EE6FD8}.Release|Mixed Platforms.ActiveCfg = Release|Any CPU
		{82CD8049-8ECC-431E-AB38-70ADA0EE6FD8}.Release|Mixed Platforms.Build.0 = Release|Any CPU
		{82CD8049-8ECC-431E-AB38-70ADA0EE6FD8}.Release|x86.ActiveCfg = Release|Any CPU
		{82CD8049-8ECC-431E-AB38-70ADA0EE6FD8}.Test|Any CPU.ActiveCfg = Release|Any CPU
		{82CD8049-8ECC-431E-AB38-70ADA0EE6FD8}.Test|Any CPU.Build.0 = Release|Any CPU
		{82CD8049-8ECC-431E-AB38-70ADA0EE6FD8}.Test|Mixed Platforms.ActiveCfg = Release|Any CPU
		{82CD8049-8ECC-431E-AB38-70ADA0EE6FD8}.Test|Mixed Platforms.Build.0 = Release|Any CPU
		{82CD8049-8ECC-431E-AB38-70ADA0EE6FD8}.Test|x86.ActiveCfg = Release|Any CPU
		{C565080C-8D58-4724-8C59-D4AA2CC46384}.Debug|Any CPU.ActiveCfg = Debug|Any CPU
		{C565080C-8D58-4724-8C59-D4AA2CC46384}.Debug|Any CPU.Build.0 = Debug|Any CPU
		{C565080C-8D58-4724-8C59-D4AA2CC46384}.Debug|Mixed Platforms.ActiveCfg = Debug|Any CPU
		{C565080C-8D58-4724-8C59-D4AA2CC46384}.Debug|Mixed Platforms.Build.0 = Debug|Any CPU
		{C565080C-8D58-4724-8C59-D4AA2CC46384}.Debug|x86.ActiveCfg = Debug|Any CPU
		{C565080C-8D58-4724-8C59-D4AA2CC46384}.Development|Any CPU.ActiveCfg = Development|Any CPU
		{C565080C-8D58-4724-8C59-D4AA2CC46384}.Development|Any CPU.Build.0 = Development|Any CPU
		{C565080C-8D58-4724-8C59-D4AA2CC46384}.Development|Mixed Platforms.ActiveCfg = Development|Any CPU
		{C565080C-8D58-4724-8C59-D4AA2CC46384}.Development|Mixed Platforms.Build.0 = Development|Any CPU
		{C565080C-8D58-4724-8C59-D4AA2CC46384}.Development|x86.ActiveCfg = Development|Any CPU
		{C565080C-8D58-4724-8C59-D4AA2CC46384}.Production|Any CPU.ActiveCfg = Production|Any CPU
		{C565080C-8D58-4724-8C59-D4AA2CC46384}.Production|Any CPU.Build.0 = Production|Any CPU
		{C565080C-8D58-4724-8C59-D4AA2CC46384}.Production|Mixed Platforms.ActiveCfg = Production|Any CPU
		{C565080C-8D58-4724-8C59-D4AA2CC46384}.Production|Mixed Platforms.Build.0 = Production|Any CPU
		{C565080C-8D58-4724-8C59-D4AA2CC46384}.Production|x86.ActiveCfg = Production|Any CPU
		{C565080C-8D58-4724-8C59-D4AA2CC46384}.Release|Any CPU.ActiveCfg = Release|Any CPU
		{C565080C-8D58-4724-8C59-D4AA2CC46384}.Release|Any CPU.Build.0 = Release|Any CPU
		{C565080C-8D58-4724-8C59-D4AA2CC46384}.Release|Mixed Platforms.ActiveCfg = Release|Any CPU
		{C565080C-8D58-4724-8C59-D4AA2CC46384}.Release|Mixed Platforms.Build.0 = Release|Any CPU
		{C565080C-8D58-4724-8C59-D4AA2CC46384}.Release|x86.ActiveCfg = Release|Any CPU
		{C565080C-8D58-4724-8C59-D4AA2CC46384}.Test|Any CPU.ActiveCfg = Test|Any CPU
		{C565080C-8D58-4724-8C59-D4AA2CC46384}.Test|Any CPU.Build.0 = Test|Any CPU
		{C565080C-8D58-4724-8C59-D4AA2CC46384}.Test|Mixed Platforms.ActiveCfg = Test|Any CPU
		{C565080C-8D58-4724-8C59-D4AA2CC46384}.Test|Mixed Platforms.Build.0 = Test|Any CPU
		{C565080C-8D58-4724-8C59-D4AA2CC46384}.Test|x86.ActiveCfg = Test|Any CPU
		{C06E2CA6-F598-4D51-82F9-2B08F1B46832}.Debug|Any CPU.ActiveCfg = Debug
		{C06E2CA6-F598-4D51-82F9-2B08F1B46832}.Debug|Mixed Platforms.ActiveCfg = Debug
		{C06E2CA6-F598-4D51-82F9-2B08F1B46832}.Debug|x86.ActiveCfg = Debug
		{C06E2CA6-F598-4D51-82F9-2B08F1B46832}.Debug|x86.Build.0 = Debug
		{C06E2CA6-F598-4D51-82F9-2B08F1B46832}.Development|Any CPU.ActiveCfg = Debug
		{C06E2CA6-F598-4D51-82F9-2B08F1B46832}.Development|Any CPU.Build.0 = Debug
		{C06E2CA6-F598-4D51-82F9-2B08F1B46832}.Development|Mixed Platforms.ActiveCfg = Debug
		{C06E2CA6-F598-4D51-82F9-2B08F1B46832}.Development|Mixed Platforms.Build.0 = Debug
		{C06E2CA6-F598-4D51-82F9-2B08F1B46832}.Development|x86.ActiveCfg = Debug
		{C06E2CA6-F598-4D51-82F9-2B08F1B46832}.Development|x86.Build.0 = Debug
		{C06E2CA6-F598-4D51-82F9-2B08F1B46832}.Production|Any CPU.ActiveCfg = Release
		{C06E2CA6-F598-4D51-82F9-2B08F1B46832}.Production|Any CPU.Build.0 = Release
		{C06E2CA6-F598-4D51-82F9-2B08F1B46832}.Production|Mixed Platforms.ActiveCfg = Release
		{C06E2CA6-F598-4D51-82F9-2B08F1B46832}.Production|Mixed Platforms.Build.0 = Release
		{C06E2CA6-F598-4D51-82F9-2B08F1B46832}.Production|x86.ActiveCfg = Release
		{C06E2CA6-F598-4D51-82F9-2B08F1B46832}.Production|x86.Build.0 = Release
		{C06E2CA6-F598-4D51-82F9-2B08F1B46832}.Release|Any CPU.ActiveCfg = Release
		{C06E2CA6-F598-4D51-82F9-2B08F1B46832}.Release|Any CPU.Build.0 = Release
		{C06E2CA6-F598-4D51-82F9-2B08F1B46832}.Release|Mixed Platforms.ActiveCfg = Release
		{C06E2CA6-F598-4D51-82F9-2B08F1B46832}.Release|Mixed Platforms.Build.0 = Release
		{C06E2CA6-F598-4D51-82F9-2B08F1B46832}.Release|x86.ActiveCfg = Release
		{C06E2CA6-F598-4D51-82F9-2B08F1B46832}.Release|x86.Build.0 = Release
		{C06E2CA6-F598-4D51-82F9-2B08F1B46832}.Test|Any CPU.ActiveCfg = Release
		{C06E2CA6-F598-4D51-82F9-2B08F1B46832}.Test|Any CPU.Build.0 = Release
		{C06E2CA6-F598-4D51-82F9-2B08F1B46832}.Test|Mixed Platforms.ActiveCfg = Release
		{C06E2CA6-F598-4D51-82F9-2B08F1B46832}.Test|Mixed Platforms.Build.0 = Release
		{C06E2CA6-F598-4D51-82F9-2B08F1B46832}.Test|x86.ActiveCfg = Release
		{C06E2CA6-F598-4D51-82F9-2B08F1B46832}.Test|x86.Build.0 = Release
		{2E660C1D-666F-4DA9-8810-036105F7468D}.Debug|Any CPU.ActiveCfg = Debug|Any CPU
		{2E660C1D-666F-4DA9-8810-036105F7468D}.Debug|Any CPU.Build.0 = Debug|Any CPU
		{2E660C1D-666F-4DA9-8810-036105F7468D}.Debug|Mixed Platforms.ActiveCfg = Debug|Any CPU
		{2E660C1D-666F-4DA9-8810-036105F7468D}.Debug|Mixed Platforms.Build.0 = Debug|Any CPU
		{2E660C1D-666F-4DA9-8810-036105F7468D}.Debug|x86.ActiveCfg = Debug|Any CPU
		{2E660C1D-666F-4DA9-8810-036105F7468D}.Development|Any CPU.ActiveCfg = Debug|Any CPU
		{2E660C1D-666F-4DA9-8810-036105F7468D}.Development|Any CPU.Build.0 = Debug|Any CPU
		{2E660C1D-666F-4DA9-8810-036105F7468D}.Development|Mixed Platforms.ActiveCfg = Debug|Any CPU
		{2E660C1D-666F-4DA9-8810-036105F7468D}.Development|Mixed Platforms.Build.0 = Debug|Any CPU
		{2E660C1D-666F-4DA9-8810-036105F7468D}.Development|x86.ActiveCfg = Debug|Any CPU
		{2E660C1D-666F-4DA9-8810-036105F7468D}.Production|Any CPU.ActiveCfg = Release|Any CPU
		{2E660C1D-666F-4DA9-8810-036105F7468D}.Production|Any CPU.Build.0 = Release|Any CPU
		{2E660C1D-666F-4DA9-8810-036105F7468D}.Production|Mixed Platforms.ActiveCfg = Release|Any CPU
		{2E660C1D-666F-4DA9-8810-036105F7468D}.Production|Mixed Platforms.Build.0 = Release|Any CPU
		{2E660C1D-666F-4DA9-8810-036105F7468D}.Production|x86.ActiveCfg = Release|Any CPU
		{2E660C1D-666F-4DA9-8810-036105F7468D}.Release|Any CPU.ActiveCfg = Release|Any CPU
		{2E660C1D-666F-4DA9-8810-036105F7468D}.Release|Any CPU.Build.0 = Release|Any CPU
		{2E660C1D-666F-4DA9-8810-036105F7468D}.Release|Mixed Platforms.ActiveCfg = Release|Any CPU
		{2E660C1D-666F-4DA9-8810-036105F7468D}.Release|Mixed Platforms.Build.0 = Release|Any CPU
		{2E660C1D-666F-4DA9-8810-036105F7468D}.Release|x86.ActiveCfg = Release|Any CPU
		{2E660C1D-666F-4DA9-8810-036105F7468D}.Test|Any CPU.ActiveCfg = Release|Any CPU
		{2E660C1D-666F-4DA9-8810-036105F7468D}.Test|Any CPU.Build.0 = Release|Any CPU
		{2E660C1D-666F-4DA9-8810-036105F7468D}.Test|Mixed Platforms.ActiveCfg = Release|Any CPU
		{2E660C1D-666F-4DA9-8810-036105F7468D}.Test|Mixed Platforms.Build.0 = Release|Any CPU
		{2E660C1D-666F-4DA9-8810-036105F7468D}.Test|x86.ActiveCfg = Release|Any CPU
		{858841F2-8208-4D66-862E-E8C64CFD5DAF}.Debug|Any CPU.ActiveCfg = Debug|Any CPU
		{858841F2-8208-4D66-862E-E8C64CFD5DAF}.Debug|Any CPU.Build.0 = Debug|Any CPU
		{858841F2-8208-4D66-862E-E8C64CFD5DAF}.Debug|Mixed Platforms.ActiveCfg = Debug|Any CPU
		{858841F2-8208-4D66-862E-E8C64CFD5DAF}.Debug|Mixed Platforms.Build.0 = Debug|Any CPU
		{858841F2-8208-4D66-862E-E8C64CFD5DAF}.Debug|x86.ActiveCfg = Debug|Any CPU
		{858841F2-8208-4D66-862E-E8C64CFD5DAF}.Development|Any CPU.ActiveCfg = Debug|Any CPU
		{858841F2-8208-4D66-862E-E8C64CFD5DAF}.Development|Any CPU.Build.0 = Debug|Any CPU
		{858841F2-8208-4D66-862E-E8C64CFD5DAF}.Development|Mixed Platforms.ActiveCfg = Debug|Any CPU
		{858841F2-8208-4D66-862E-E8C64CFD5DAF}.Development|Mixed Platforms.Build.0 = Debug|Any CPU
		{858841F2-8208-4D66-862E-E8C64CFD5DAF}.Development|x86.ActiveCfg = Debug|Any CPU
		{858841F2-8208-4D66-862E-E8C64CFD5DAF}.Production|Any CPU.ActiveCfg = Release|Any CPU
		{858841F2-8208-4D66-862E-E8C64CFD5DAF}.Production|Any CPU.Build.0 = Release|Any CPU
		{858841F2-8208-4D66-862E-E8C64CFD5DAF}.Production|Mixed Platforms.ActiveCfg = Release|Any CPU
		{858841F2-8208-4D66-862E-E8C64CFD5DAF}.Production|Mixed Platforms.Build.0 = Release|Any CPU
		{858841F2-8208-4D66-862E-E8C64CFD5DAF}.Production|x86.ActiveCfg = Release|Any CPU
		{858841F2-8208-4D66-862E-E8C64CFD5DAF}.Release|Any CPU.ActiveCfg = Release|Any CPU
		{858841F2-8208-4D66-862E-E8C64CFD5DAF}.Release|Any CPU.Build.0 = Release|Any CPU
		{858841F2-8208-4D66-862E-E8C64CFD5DAF}.Release|Mixed Platforms.ActiveCfg = Release|Any CPU
		{858841F2-8208-4D66-862E-E8C64CFD5DAF}.Release|Mixed Platforms.Build.0 = Release|Any CPU
		{858841F2-8208-4D66-862E-E8C64CFD5DAF}.Release|x86.ActiveCfg = Release|Any CPU
		{858841F2-8208-4D66-862E-E8C64CFD5DAF}.Test|Any CPU.ActiveCfg = Release|Any CPU
		{858841F2-8208-4D66-862E-E8C64CFD5DAF}.Test|Any CPU.Build.0 = Release|Any CPU
		{858841F2-8208-4D66-862E-E8C64CFD5DAF}.Test|Mixed Platforms.ActiveCfg = Release|Any CPU
		{858841F2-8208-4D66-862E-E8C64CFD5DAF}.Test|Mixed Platforms.Build.0 = Release|Any CPU
		{858841F2-8208-4D66-862E-E8C64CFD5DAF}.Test|x86.ActiveCfg = Release|Any CPU
		{7CBE554C-0B4C-4EBE-BFCF-596A6BA856F5}.Debug|Any CPU.ActiveCfg = Debug|Any CPU
		{7CBE554C-0B4C-4EBE-BFCF-596A6BA856F5}.Debug|Any CPU.Build.0 = Debug|Any CPU
		{7CBE554C-0B4C-4EBE-BFCF-596A6BA856F5}.Debug|Mixed Platforms.ActiveCfg = Debug|Any CPU
		{7CBE554C-0B4C-4EBE-BFCF-596A6BA856F5}.Debug|Mixed Platforms.Build.0 = Debug|Any CPU
		{7CBE554C-0B4C-4EBE-BFCF-596A6BA856F5}.Debug|x86.ActiveCfg = Debug|Any CPU
		{7CBE554C-0B4C-4EBE-BFCF-596A6BA856F5}.Development|Any CPU.ActiveCfg = Debug|Any CPU
		{7CBE554C-0B4C-4EBE-BFCF-596A6BA856F5}.Development|Any CPU.Build.0 = Debug|Any CPU
		{7CBE554C-0B4C-4EBE-BFCF-596A6BA856F5}.Development|Mixed Platforms.ActiveCfg = Debug|Any CPU
		{7CBE554C-0B4C-4EBE-BFCF-596A6BA856F5}.Development|Mixed Platforms.Build.0 = Debug|Any CPU
		{7CBE554C-0B4C-4EBE-BFCF-596A6BA856F5}.Development|x86.ActiveCfg = Debug|Any CPU
		{7CBE554C-0B4C-4EBE-BFCF-596A6BA856F5}.Production|Any CPU.ActiveCfg = Release|Any CPU
		{7CBE554C-0B4C-4EBE-BFCF-596A6BA856F5}.Production|Any CPU.Build.0 = Release|Any CPU
		{7CBE554C-0B4C-4EBE-BFCF-596A6BA856F5}.Production|Mixed Platforms.ActiveCfg = Release|Any CPU
		{7CBE554C-0B4C-4EBE-BFCF-596A6BA856F5}.Production|Mixed Platforms.Build.0 = Release|Any CPU
		{7CBE554C-0B4C-4EBE-BFCF-596A6BA856F5}.Production|x86.ActiveCfg = Release|Any CPU
		{7CBE554C-0B4C-4EBE-BFCF-596A6BA856F5}.Release|Any CPU.ActiveCfg = Release|Any CPU
		{7CBE554C-0B4C-4EBE-BFCF-596A6BA856F5}.Release|Any CPU.Build.0 = Release|Any CPU
		{7CBE554C-0B4C-4EBE-BFCF-596A6BA856F5}.Release|Mixed Platforms.ActiveCfg = Release|Any CPU
		{7CBE554C-0B4C-4EBE-BFCF-596A6BA856F5}.Release|Mixed Platforms.Build.0 = Release|Any CPU
		{7CBE554C-0B4C-4EBE-BFCF-596A6BA856F5}.Release|x86.ActiveCfg = Release|Any CPU
		{7CBE554C-0B4C-4EBE-BFCF-596A6BA856F5}.Test|Any CPU.ActiveCfg = Release|Any CPU
		{7CBE554C-0B4C-4EBE-BFCF-596A6BA856F5}.Test|Any CPU.Build.0 = Release|Any CPU
		{7CBE554C-0B4C-4EBE-BFCF-596A6BA856F5}.Test|Mixed Platforms.ActiveCfg = Release|Any CPU
		{7CBE554C-0B4C-4EBE-BFCF-596A6BA856F5}.Test|Mixed Platforms.Build.0 = Release|Any CPU
		{7CBE554C-0B4C-4EBE-BFCF-596A6BA856F5}.Test|x86.ActiveCfg = Release|Any CPU
		{1C78309F-F899-4E5D-AAF3-F1729AFCA514}.Debug|Any CPU.ActiveCfg = Debug|Any CPU
		{1C78309F-F899-4E5D-AAF3-F1729AFCA514}.Debug|Any CPU.Build.0 = Debug|Any CPU
		{1C78309F-F899-4E5D-AAF3-F1729AFCA514}.Debug|Mixed Platforms.ActiveCfg = Debug|Any CPU
		{1C78309F-F899-4E5D-AAF3-F1729AFCA514}.Debug|Mixed Platforms.Build.0 = Debug|Any CPU
		{1C78309F-F899-4E5D-AAF3-F1729AFCA514}.Debug|x86.ActiveCfg = Debug|Any CPU
		{1C78309F-F899-4E5D-AAF3-F1729AFCA514}.Development|Any CPU.ActiveCfg = Debug|Any CPU
		{1C78309F-F899-4E5D-AAF3-F1729AFCA514}.Development|Any CPU.Build.0 = Debug|Any CPU
		{1C78309F-F899-4E5D-AAF3-F1729AFCA514}.Development|Mixed Platforms.ActiveCfg = Debug|Any CPU
		{1C78309F-F899-4E5D-AAF3-F1729AFCA514}.Development|Mixed Platforms.Build.0 = Debug|Any CPU
		{1C78309F-F899-4E5D-AAF3-F1729AFCA514}.Development|x86.ActiveCfg = Debug|Any CPU
		{1C78309F-F899-4E5D-AAF3-F1729AFCA514}.Production|Any CPU.ActiveCfg = Release|Any CPU
		{1C78309F-F899-4E5D-AAF3-F1729AFCA514}.Production|Any CPU.Build.0 = Release|Any CPU
		{1C78309F-F899-4E5D-AAF3-F1729AFCA514}.Production|Mixed Platforms.ActiveCfg = Release|Any CPU
		{1C78309F-F899-4E5D-AAF3-F1729AFCA514}.Production|Mixed Platforms.Build.0 = Release|Any CPU
		{1C78309F-F899-4E5D-AAF3-F1729AFCA514}.Production|x86.ActiveCfg = Release|Any CPU
		{1C78309F-F899-4E5D-AAF3-F1729AFCA514}.Release|Any CPU.ActiveCfg = Release|Any CPU
		{1C78309F-F899-4E5D-AAF3-F1729AFCA514}.Release|Any CPU.Build.0 = Release|Any CPU
		{1C78309F-F899-4E5D-AAF3-F1729AFCA514}.Release|Mixed Platforms.ActiveCfg = Release|Any CPU
		{1C78309F-F899-4E5D-AAF3-F1729AFCA514}.Release|Mixed Platforms.Build.0 = Release|Any CPU
		{1C78309F-F899-4E5D-AAF3-F1729AFCA514}.Release|x86.ActiveCfg = Release|Any CPU
		{1C78309F-F899-4E5D-AAF3-F1729AFCA514}.Test|Any CPU.ActiveCfg = Release|Any CPU
		{1C78309F-F899-4E5D-AAF3-F1729AFCA514}.Test|Any CPU.Build.0 = Release|Any CPU
		{1C78309F-F899-4E5D-AAF3-F1729AFCA514}.Test|Mixed Platforms.ActiveCfg = Release|Any CPU
		{1C78309F-F899-4E5D-AAF3-F1729AFCA514}.Test|Mixed Platforms.Build.0 = Release|Any CPU
		{1C78309F-F899-4E5D-AAF3-F1729AFCA514}.Test|x86.ActiveCfg = Release|Any CPU
		{0D5EE116-12A7-47CE-A637-18BB1A9AFC7F}.Debug|Any CPU.ActiveCfg = Debug|Any CPU
		{0D5EE116-12A7-47CE-A637-18BB1A9AFC7F}.Debug|Any CPU.Build.0 = Debug|Any CPU
		{0D5EE116-12A7-47CE-A637-18BB1A9AFC7F}.Debug|Mixed Platforms.ActiveCfg = Debug|Any CPU
		{0D5EE116-12A7-47CE-A637-18BB1A9AFC7F}.Debug|Mixed Platforms.Build.0 = Debug|Any CPU
		{0D5EE116-12A7-47CE-A637-18BB1A9AFC7F}.Debug|x86.ActiveCfg = Debug|Any CPU
		{0D5EE116-12A7-47CE-A637-18BB1A9AFC7F}.Development|Any CPU.ActiveCfg = Debug|Any CPU
		{0D5EE116-12A7-47CE-A637-18BB1A9AFC7F}.Development|Any CPU.Build.0 = Debug|Any CPU
		{0D5EE116-12A7-47CE-A637-18BB1A9AFC7F}.Development|Mixed Platforms.ActiveCfg = Debug|Any CPU
		{0D5EE116-12A7-47CE-A637-18BB1A9AFC7F}.Development|Mixed Platforms.Build.0 = Debug|Any CPU
		{0D5EE116-12A7-47CE-A637-18BB1A9AFC7F}.Development|x86.ActiveCfg = Debug|Any CPU
		{0D5EE116-12A7-47CE-A637-18BB1A9AFC7F}.Production|Any CPU.ActiveCfg = Release|Any CPU
		{0D5EE116-12A7-47CE-A637-18BB1A9AFC7F}.Production|Any CPU.Build.0 = Release|Any CPU
		{0D5EE116-12A7-47CE-A637-18BB1A9AFC7F}.Production|Mixed Platforms.ActiveCfg = Release|Any CPU
		{0D5EE116-12A7-47CE-A637-18BB1A9AFC7F}.Production|Mixed Platforms.Build.0 = Release|Any CPU
		{0D5EE116-12A7-47CE-A637-18BB1A9AFC7F}.Production|x86.ActiveCfg = Release|Any CPU
		{0D5EE116-12A7-47CE-A637-18BB1A9AFC7F}.Release|Any CPU.ActiveCfg = Release|Any CPU
		{0D5EE116-12A7-47CE-A637-18BB1A9AFC7F}.Release|Any CPU.Build.0 = Release|Any CPU
		{0D5EE116-12A7-47CE-A637-18BB1A9AFC7F}.Release|Mixed Platforms.ActiveCfg = Release|Any CPU
		{0D5EE116-12A7-47CE-A637-18BB1A9AFC7F}.Release|Mixed Platforms.Build.0 = Release|Any CPU
		{0D5EE116-12A7-47CE-A637-18BB1A9AFC7F}.Release|x86.ActiveCfg = Release|Any CPU
		{0D5EE116-12A7-47CE-A637-18BB1A9AFC7F}.Test|Any CPU.ActiveCfg = Release|Any CPU
		{0D5EE116-12A7-47CE-A637-18BB1A9AFC7F}.Test|Any CPU.Build.0 = Release|Any CPU
		{0D5EE116-12A7-47CE-A637-18BB1A9AFC7F}.Test|Mixed Platforms.ActiveCfg = Release|Any CPU
		{0D5EE116-12A7-47CE-A637-18BB1A9AFC7F}.Test|Mixed Platforms.Build.0 = Release|Any CPU
		{0D5EE116-12A7-47CE-A637-18BB1A9AFC7F}.Test|x86.ActiveCfg = Release|Any CPU
		{DDB5DF3E-1DF6-427B-B844-425D315A5B1C}.Debug|Any CPU.ActiveCfg = Debug|Any CPU
		{DDB5DF3E-1DF6-427B-B844-425D315A5B1C}.Debug|Any CPU.Build.0 = Debug|Any CPU
		{DDB5DF3E-1DF6-427B-B844-425D315A5B1C}.Debug|Mixed Platforms.ActiveCfg = Debug|Any CPU
		{DDB5DF3E-1DF6-427B-B844-425D315A5B1C}.Debug|Mixed Platforms.Build.0 = Debug|Any CPU
		{DDB5DF3E-1DF6-427B-B844-425D315A5B1C}.Debug|x86.ActiveCfg = Debug|Any CPU
		{DDB5DF3E-1DF6-427B-B844-425D315A5B1C}.Development|Any CPU.ActiveCfg = Debug|Any CPU
		{DDB5DF3E-1DF6-427B-B844-425D315A5B1C}.Development|Any CPU.Build.0 = Debug|Any CPU
		{DDB5DF3E-1DF6-427B-B844-425D315A5B1C}.Development|Mixed Platforms.ActiveCfg = Debug|Any CPU
		{DDB5DF3E-1DF6-427B-B844-425D315A5B1C}.Development|Mixed Platforms.Build.0 = Debug|Any CPU
		{DDB5DF3E-1DF6-427B-B844-425D315A5B1C}.Development|x86.ActiveCfg = Debug|Any CPU
		{DDB5DF3E-1DF6-427B-B844-425D315A5B1C}.Production|Any CPU.ActiveCfg = Release|Any CPU
		{DDB5DF3E-1DF6-427B-B844-425D315A5B1C}.Production|Any CPU.Build.0 = Release|Any CPU
		{DDB5DF3E-1DF6-427B-B844-425D315A5B1C}.Production|Mixed Platforms.ActiveCfg = Release|Any CPU
		{DDB5DF3E-1DF6-427B-B844-425D315A5B1C}.Production|Mixed Platforms.Build.0 = Release|Any CPU
		{DDB5DF3E-1DF6-427B-B844-425D315A5B1C}.Production|x86.ActiveCfg = Release|Any CPU
		{DDB5DF3E-1DF6-427B-B844-425D315A5B1C}.Release|Any CPU.ActiveCfg = Release|Any CPU
		{DDB5DF3E-1DF6-427B-B844-425D315A5B1C}.Release|Any CPU.Build.0 = Release|Any CPU
		{DDB5DF3E-1DF6-427B-B844-425D315A5B1C}.Release|Mixed Platforms.ActiveCfg = Release|Any CPU
		{DDB5DF3E-1DF6-427B-B844-425D315A5B1C}.Release|Mixed Platforms.Build.0 = Release|Any CPU
		{DDB5DF3E-1DF6-427B-B844-425D315A5B1C}.Release|x86.ActiveCfg = Release|Any CPU
		{DDB5DF3E-1DF6-427B-B844-425D315A5B1C}.Test|Any CPU.ActiveCfg = Release|Any CPU
		{DDB5DF3E-1DF6-427B-B844-425D315A5B1C}.Test|Any CPU.Build.0 = Release|Any CPU
		{DDB5DF3E-1DF6-427B-B844-425D315A5B1C}.Test|Mixed Platforms.ActiveCfg = Release|Any CPU
		{DDB5DF3E-1DF6-427B-B844-425D315A5B1C}.Test|Mixed Platforms.Build.0 = Release|Any CPU
		{DDB5DF3E-1DF6-427B-B844-425D315A5B1C}.Test|x86.ActiveCfg = Release|Any CPU
		{08860B92-BACA-48F4-B6E2-426ABC6807F9}.Debug|Any CPU.ActiveCfg = Debug|Any CPU
		{08860B92-BACA-48F4-B6E2-426ABC6807F9}.Debug|Any CPU.Build.0 = Debug|Any CPU
		{08860B92-BACA-48F4-B6E2-426ABC6807F9}.Debug|Mixed Platforms.ActiveCfg = Debug|Any CPU
		{08860B92-BACA-48F4-B6E2-426ABC6807F9}.Debug|Mixed Platforms.Build.0 = Debug|Any CPU
		{08860B92-BACA-48F4-B6E2-426ABC6807F9}.Debug|x86.ActiveCfg = Debug|Any CPU
		{08860B92-BACA-48F4-B6E2-426ABC6807F9}.Development|Any CPU.ActiveCfg = Development|Any CPU
		{08860B92-BACA-48F4-B6E2-426ABC6807F9}.Development|Any CPU.Build.0 = Development|Any CPU
		{08860B92-BACA-48F4-B6E2-426ABC6807F9}.Development|Mixed Platforms.ActiveCfg = Development|Any CPU
		{08860B92-BACA-48F4-B6E2-426ABC6807F9}.Development|Mixed Platforms.Build.0 = Development|Any CPU
		{08860B92-BACA-48F4-B6E2-426ABC6807F9}.Development|x86.ActiveCfg = Development|Any CPU
		{08860B92-BACA-48F4-B6E2-426ABC6807F9}.Production|Any CPU.ActiveCfg = Production|Any CPU
		{08860B92-BACA-48F4-B6E2-426ABC6807F9}.Production|Any CPU.Build.0 = Production|Any CPU
		{08860B92-BACA-48F4-B6E2-426ABC6807F9}.Production|Mixed Platforms.ActiveCfg = Production|Any CPU
		{08860B92-BACA-48F4-B6E2-426ABC6807F9}.Production|Mixed Platforms.Build.0 = Production|Any CPU
		{08860B92-BACA-48F4-B6E2-426ABC6807F9}.Production|x86.ActiveCfg = Production|Any CPU
		{08860B92-BACA-48F4-B6E2-426ABC6807F9}.Release|Any CPU.ActiveCfg = Release|Any CPU
		{08860B92-BACA-48F4-B6E2-426ABC6807F9}.Release|Any CPU.Build.0 = Release|Any CPU
		{08860B92-BACA-48F4-B6E2-426ABC6807F9}.Release|Mixed Platforms.ActiveCfg = Release|Any CPU
		{08860B92-BACA-48F4-B6E2-426ABC6807F9}.Release|Mixed Platforms.Build.0 = Release|Any CPU
		{08860B92-BACA-48F4-B6E2-426ABC6807F9}.Release|x86.ActiveCfg = Release|Any CPU
		{08860B92-BACA-48F4-B6E2-426ABC6807F9}.Test|Any CPU.ActiveCfg = Test|Any CPU
		{08860B92-BACA-48F4-B6E2-426ABC6807F9}.Test|Any CPU.Build.0 = Test|Any CPU
		{08860B92-BACA-48F4-B6E2-426ABC6807F9}.Test|Mixed Platforms.ActiveCfg = Test|Any CPU
		{08860B92-BACA-48F4-B6E2-426ABC6807F9}.Test|Mixed Platforms.Build.0 = Test|Any CPU
		{08860B92-BACA-48F4-B6E2-426ABC6807F9}.Test|x86.ActiveCfg = Test|Any CPU
		{4F18830F-6D4E-49C8-8231-C413A3389D79}.Debug|Any CPU.ActiveCfg = Debug|x86
		{4F18830F-6D4E-49C8-8231-C413A3389D79}.Debug|Mixed Platforms.ActiveCfg = Debug|x86
		{4F18830F-6D4E-49C8-8231-C413A3389D79}.Debug|Mixed Platforms.Build.0 = Debug|x86
		{4F18830F-6D4E-49C8-8231-C413A3389D79}.Debug|x86.ActiveCfg = Debug|x86
		{4F18830F-6D4E-49C8-8231-C413A3389D79}.Debug|x86.Build.0 = Debug|x86
		{4F18830F-6D4E-49C8-8231-C413A3389D79}.Development|Any CPU.ActiveCfg = Debug|x86
		{4F18830F-6D4E-49C8-8231-C413A3389D79}.Development|Mixed Platforms.ActiveCfg = Debug|x86
		{4F18830F-6D4E-49C8-8231-C413A3389D79}.Development|Mixed Platforms.Build.0 = Debug|x86
		{4F18830F-6D4E-49C8-8231-C413A3389D79}.Development|x86.ActiveCfg = Debug|x86
		{4F18830F-6D4E-49C8-8231-C413A3389D79}.Development|x86.Build.0 = Debug|x86
		{4F18830F-6D4E-49C8-8231-C413A3389D79}.Production|Any CPU.ActiveCfg = Release|x86
		{4F18830F-6D4E-49C8-8231-C413A3389D79}.Production|Mixed Platforms.ActiveCfg = Release|x86
		{4F18830F-6D4E-49C8-8231-C413A3389D79}.Production|Mixed Platforms.Build.0 = Release|x86
		{4F18830F-6D4E-49C8-8231-C413A3389D79}.Production|x86.ActiveCfg = Release|x86
		{4F18830F-6D4E-49C8-8231-C413A3389D79}.Production|x86.Build.0 = Release|x86
		{4F18830F-6D4E-49C8-8231-C413A3389D79}.Release|Any CPU.ActiveCfg = Release|x86
		{4F18830F-6D4E-49C8-8231-C413A3389D79}.Release|Mixed Platforms.ActiveCfg = Release|x86
		{4F18830F-6D4E-49C8-8231-C413A3389D79}.Release|Mixed Platforms.Build.0 = Release|x86
		{4F18830F-6D4E-49C8-8231-C413A3389D79}.Release|x86.ActiveCfg = Release|x86
		{4F18830F-6D4E-49C8-8231-C413A3389D79}.Release|x86.Build.0 = Release|x86
		{4F18830F-6D4E-49C8-8231-C413A3389D79}.Test|Any CPU.ActiveCfg = Release|x86
		{4F18830F-6D4E-49C8-8231-C413A3389D79}.Test|Mixed Platforms.ActiveCfg = Release|x86
		{4F18830F-6D4E-49C8-8231-C413A3389D79}.Test|Mixed Platforms.Build.0 = Release|x86
		{4F18830F-6D4E-49C8-8231-C413A3389D79}.Test|x86.ActiveCfg = Release|x86
		{4F18830F-6D4E-49C8-8231-C413A3389D79}.Test|x86.Build.0 = Release|x86
		{63D00187-6E65-48E5-A5EA-AC94CE2F73EC}.Debug|Any CPU.ActiveCfg = Debug|Any CPU
		{63D00187-6E65-48E5-A5EA-AC94CE2F73EC}.Debug|Any CPU.Build.0 = Debug|Any CPU
		{63D00187-6E65-48E5-A5EA-AC94CE2F73EC}.Debug|Mixed Platforms.ActiveCfg = Debug|Any CPU
		{63D00187-6E65-48E5-A5EA-AC94CE2F73EC}.Debug|Mixed Platforms.Build.0 = Debug|Any CPU
		{63D00187-6E65-48E5-A5EA-AC94CE2F73EC}.Debug|x86.ActiveCfg = Debug|Any CPU
		{63D00187-6E65-48E5-A5EA-AC94CE2F73EC}.Development|Any CPU.ActiveCfg = Debug|Any CPU
		{63D00187-6E65-48E5-A5EA-AC94CE2F73EC}.Development|Any CPU.Build.0 = Debug|Any CPU
		{63D00187-6E65-48E5-A5EA-AC94CE2F73EC}.Development|Mixed Platforms.ActiveCfg = Debug|Any CPU
		{63D00187-6E65-48E5-A5EA-AC94CE2F73EC}.Development|Mixed Platforms.Build.0 = Debug|Any CPU
		{63D00187-6E65-48E5-A5EA-AC94CE2F73EC}.Development|x86.ActiveCfg = Debug|Any CPU
		{63D00187-6E65-48E5-A5EA-AC94CE2F73EC}.Production|Any CPU.ActiveCfg = Release|Any CPU
		{63D00187-6E65-48E5-A5EA-AC94CE2F73EC}.Production|Any CPU.Build.0 = Release|Any CPU
		{63D00187-6E65-48E5-A5EA-AC94CE2F73EC}.Production|Mixed Platforms.ActiveCfg = Release|Any CPU
		{63D00187-6E65-48E5-A5EA-AC94CE2F73EC}.Production|Mixed Platforms.Build.0 = Release|Any CPU
		{63D00187-6E65-48E5-A5EA-AC94CE2F73EC}.Production|x86.ActiveCfg = Release|Any CPU
		{63D00187-6E65-48E5-A5EA-AC94CE2F73EC}.Release|Any CPU.ActiveCfg = Release|Any CPU
		{63D00187-6E65-48E5-A5EA-AC94CE2F73EC}.Release|Any CPU.Build.0 = Release|Any CPU
		{63D00187-6E65-48E5-A5EA-AC94CE2F73EC}.Release|Mixed Platforms.ActiveCfg = Release|Any CPU
		{63D00187-6E65-48E5-A5EA-AC94CE2F73EC}.Release|Mixed Platforms.Build.0 = Release|Any CPU
		{63D00187-6E65-48E5-A5EA-AC94CE2F73EC}.Release|x86.ActiveCfg = Release|Any CPU
		{63D00187-6E65-48E5-A5EA-AC94CE2F73EC}.Test|Any CPU.ActiveCfg = Release|Any CPU
		{63D00187-6E65-48E5-A5EA-AC94CE2F73EC}.Test|Any CPU.Build.0 = Release|Any CPU
		{63D00187-6E65-48E5-A5EA-AC94CE2F73EC}.Test|Mixed Platforms.ActiveCfg = Release|Any CPU
		{63D00187-6E65-48E5-A5EA-AC94CE2F73EC}.Test|Mixed Platforms.Build.0 = Release|Any CPU
		{63D00187-6E65-48E5-A5EA-AC94CE2F73EC}.Test|x86.ActiveCfg = Release|Any CPU
		{AD75A6CD-3244-4824-BCC1-0F7CBF899E1A}.Debug|Any CPU.ActiveCfg = Debug|Any CPU
		{AD75A6CD-3244-4824-BCC1-0F7CBF899E1A}.Debug|Any CPU.Build.0 = Debug|Any CPU
		{AD75A6CD-3244-4824-BCC1-0F7CBF899E1A}.Debug|Mixed Platforms.ActiveCfg = Debug|Any CPU
		{AD75A6CD-3244-4824-BCC1-0F7CBF899E1A}.Debug|Mixed Platforms.Build.0 = Debug|Any CPU
		{AD75A6CD-3244-4824-BCC1-0F7CBF899E1A}.Debug|x86.ActiveCfg = Debug|Any CPU
		{AD75A6CD-3244-4824-BCC1-0F7CBF899E1A}.Development|Any CPU.ActiveCfg = Debug|Any CPU
		{AD75A6CD-3244-4824-BCC1-0F7CBF899E1A}.Development|Any CPU.Build.0 = Debug|Any CPU
		{AD75A6CD-3244-4824-BCC1-0F7CBF899E1A}.Development|Mixed Platforms.ActiveCfg = Debug|Any CPU
		{AD75A6CD-3244-4824-BCC1-0F7CBF899E1A}.Development|Mixed Platforms.Build.0 = Debug|Any CPU
		{AD75A6CD-3244-4824-BCC1-0F7CBF899E1A}.Development|x86.ActiveCfg = Debug|Any CPU
		{AD75A6CD-3244-4824-BCC1-0F7CBF899E1A}.Production|Any CPU.ActiveCfg = Release|Any CPU
		{AD75A6CD-3244-4824-BCC1-0F7CBF899E1A}.Production|Any CPU.Build.0 = Release|Any CPU
		{AD75A6CD-3244-4824-BCC1-0F7CBF899E1A}.Production|Mixed Platforms.ActiveCfg = Release|Any CPU
		{AD75A6CD-3244-4824-BCC1-0F7CBF899E1A}.Production|Mixed Platforms.Build.0 = Release|Any CPU
		{AD75A6CD-3244-4824-BCC1-0F7CBF899E1A}.Production|x86.ActiveCfg = Release|Any CPU
		{AD75A6CD-3244-4824-BCC1-0F7CBF899E1A}.Release|Any CPU.ActiveCfg = Release|Any CPU
		{AD75A6CD-3244-4824-BCC1-0F7CBF899E1A}.Release|Any CPU.Build.0 = Release|Any CPU
		{AD75A6CD-3244-4824-BCC1-0F7CBF899E1A}.Release|Mixed Platforms.ActiveCfg = Release|Any CPU
		{AD75A6CD-3244-4824-BCC1-0F7CBF899E1A}.Release|Mixed Platforms.Build.0 = Release|Any CPU
		{AD75A6CD-3244-4824-BCC1-0F7CBF899E1A}.Release|x86.ActiveCfg = Release|Any CPU
		{AD75A6CD-3244-4824-BCC1-0F7CBF899E1A}.Test|Any CPU.ActiveCfg = Release|Any CPU
		{AD75A6CD-3244-4824-BCC1-0F7CBF899E1A}.Test|Any CPU.Build.0 = Release|Any CPU
		{AD75A6CD-3244-4824-BCC1-0F7CBF899E1A}.Test|Mixed Platforms.ActiveCfg = Release|Any CPU
		{AD75A6CD-3244-4824-BCC1-0F7CBF899E1A}.Test|Mixed Platforms.Build.0 = Release|Any CPU
		{AD75A6CD-3244-4824-BCC1-0F7CBF899E1A}.Test|x86.ActiveCfg = Release|Any CPU
	EndGlobalSection
	GlobalSection(SolutionProperties) = preSolution
		HideSolutionNode = FALSE
	EndGlobalSection
EndGlobal
